
Microsoft Visual Studio Solution File, Format Version 12.00
# Visual Studio 15
VisualStudioVersion = 15.0.27703.2026
MinimumVisualStudioVersion = 10.0.40219.1
Project("{FAE04EC0-301F-11D3-BF4B-00C04F79EFBC}") = "DemoWeb", "DemoWeb\DemoWeb.csproj", "{05B5F7E2-366B-470E-9262-57DDB19DFE12}"
EndProject
Project("{FAE04EC0-301F-11D3-BF4B-00C04F79EFBC}") = "Backend.Demo", "Backend.Demo\Backend.Demo.csproj", "{45E12E2C-E2DD-4362-B2E1-53AE41848A75}"
EndProject
Global
	GlobalSection(SolutionConfigurationPlatforms) = preSolution
		Debug|Any CPU = Debug|Any CPU
		Release|Any CPU = Release|Any CPU
	EndGlobalSection
	GlobalSection(ProjectConfigurationPlatforms) = postSolution
		{05B5F7E2-366B-470E-9262-57DDB19DFE12}.Debug|Any CPU.ActiveCfg = Debug|Any CPU
		{05B5F7E2-366B-470E-9262-57DDB19DFE12}.Debug|Any CPU.Build.0 = Debug|Any CPU
		{05B5F7E2-366B-470E-9262-57DDB19DFE12}.Release|Any CPU.ActiveCfg = Release|Any CPU
		{05B5F7E2-366B-470E-9262-57DDB19DFE12}.Release|Any CPU.Build.0 = Release|Any CPU
		{45E12E2C-E2DD-4362-B2E1-53AE41848A75}.Debug|Any CPU.ActiveCfg = Debug|Any CPU
		{45E12E2C-E2DD-4362-B2E1-53AE41848A75}.Debug|Any CPU.Build.0 = Debug|Any CPU
		{45E12E2C-E2DD-4362-B2E1-53AE41848A75}.Release|Any CPU.ActiveCfg = Release|Any CPU
		{45E12E2C-E2DD-4362-B2E1-53AE41848A75}.Release|Any CPU.Build.0 = Release|Any CPU
	EndGlobalSection
	GlobalSection(SolutionProperties) = preSolution
		HideSolutionNode = FALSE
	EndGlobalSection
	GlobalSection(ExtensibilityGlobals) = postSolution
		SolutionGuid = {DD1C2C8B-3E44-4447-A47B-3EB523A13600}
	EndGlobalSection
EndGlobal
